<?xml version="1.0" encoding="utf-8"?>
<Project ToolsVersion="4.0" xmlns="http://schemas.microsoft.com/developer/msbuild/2003">
  <ItemGroup>
    <Filter Include="Source Files">
      <UniqueIdentifier>{4FC737F1-C7A5-4376-A066-2A32D752A2FF}</UniqueIdentifier>
      <Extensions>cpp;c;cc;cxx;c++;cppm;ixx;def;odl;idl;hpj;bat;asm;asmx</Extensions>
    </Filter>
    <Filter Include="Header Files">
      <UniqueIdentifier>{93995380-89BD-4b04-88EB-625FBE52EBFB}</UniqueIdentifier>
      <Extensions>h;hh;hpp;hxx;h++;hm;inl;inc;ipp;xsd</Extensions>
    </Filter>
    <Filter Include="Resource Files">
      <UniqueIdentifier>{67DA6AB6-F800-4c08-8B7A-83BB121AAD01}</UniqueIdentifier>
      <Extensions>rc;ico;cur;bmp;dlg;rc2;rct;bin;rgs;gif;jpg;jpeg;jpe;resx;tiff;tif;png;wav;mfcribbon-ms</Extensions>
    </Filter>
    <Filter Include="Source Files\OpenGL">
      <UniqueIdentifier>{b1b2ee79-69a3-4cef-9e01-f7b30bf9684d}</UniqueIdentifier>
    </Filter>
    <Filter Include="Source Files\OpenGL\Buffers">
      <UniqueIdentifier>{a34c29f2-0bcf-484e-a3aa-33b70fd12b04}</UniqueIdentifier>
    </Filter>
    <Filter Include="Source Files\Logger">
      <UniqueIdentifier>{f73b7947-df9c-4538-84c5-46ab47eeb540}</UniqueIdentifier>
    </Filter>
    <Filter Include="Header Files\Logger">
      <UniqueIdentifier>{0df70c52-afb6-48e0-ba06-ad12081b540e}</UniqueIdentifier>
    </Filter>
    <Filter Include="Header Files\OpenGL">
      <UniqueIdentifier>{d5e7e959-c94b-4eb9-8724-5c98fd99725c}</UniqueIdentifier>
    </Filter>
    <Filter Include="Header Files\OpenGL\Buffers">
      <UniqueIdentifier>{38bda4ed-7f70-4c1c-80d8-a964d4ff7035}</UniqueIdentifier>
    </Filter>
    <Filter Include="Header Files\Renderer">
      <UniqueIdentifier>{4cfb1bdc-9ea8-438c-9f0b-7304c8ffc72c}</UniqueIdentifier>
    </Filter>
    <Filter Include="Header Files\Window">
      <UniqueIdentifier>{e517ad1b-5437-48e3-8c62-cfb98115df9f}</UniqueIdentifier>
    </Filter>
    <Filter Include="Source Files\Renderer">
      <UniqueIdentifier>{84f21480-a412-4034-b8cf-c9350bff9aa5}</UniqueIdentifier>
    </Filter>
    <Filter Include="Source Files\Window">
      <UniqueIdentifier>{92265bf3-f3a3-40b4-9a5c-97252913f422}</UniqueIdentifier>
    </Filter>
    <Filter Include="Resource Files\Shaders">
      <UniqueIdentifier>{75a53015-ad0e-4432-b073-ceb66dc14e21}</UniqueIdentifier>
    </Filter>
    <Filter Include="Header Files\Math">
      <UniqueIdentifier>{ce27e2e5-2ccf-4601-8e32-d2cad4ac9ea0}</UniqueIdentifier>
    </Filter>
    <Filter Include="Source Files\Math">
      <UniqueIdentifier>{09b17cee-1b41-4d18-8fa1-99772d5ce612}</UniqueIdentifier>
    </Filter>
    <Filter Include="Header Files\Engine">
      <UniqueIdentifier>{190232ee-18f7-4d21-99f3-9d8af17cc67f}</UniqueIdentifier>
    </Filter>
    <Filter Include="Source Files\Engine">
      <UniqueIdentifier>{09d46e59-908b-457e-b2b0-7c49c8188759}</UniqueIdentifier>
    </Filter>
    <Filter Include="Source Files\Physics">
      <UniqueIdentifier>{6c5149b6-e3b0-4cf1-a7cd-f6533e8353f1}</UniqueIdentifier>
    </Filter>
    <Filter Include="Header Files\Physics">
      <UniqueIdentifier>{35c431b7-150f-4991-9c35-fd9e30e4b1e1}</UniqueIdentifier>
    </Filter>
    <Filter Include="Source Files\Physics\Collision">
      <UniqueIdentifier>{7fef2c3f-d0a9-45dc-982c-0adc3650fb9b}</UniqueIdentifier>
    </Filter>
    <Filter Include="Header Files\Physics\Collision">
      <UniqueIdentifier>{3bcebf67-866e-4341-a3a2-b5e1d0724b8a}</UniqueIdentifier>
    </Filter>
    <Filter Include="Source Files\Physics\RigidBody">
      <UniqueIdentifier>{1503a025-75c5-45a9-bc7f-cf6280cfeb19}</UniqueIdentifier>
    </Filter>
    <Filter Include="Header Files\Physics\RigidBody">
      <UniqueIdentifier>{b1cf134b-06ad-4c72-9481-615a41d0afcf}</UniqueIdentifier>
    </Filter>
  </ItemGroup>
  <ItemGroup>
    <ClCompile Include="src\main.cpp">
      <Filter>Source Files</Filter>
    </ClCompile>
    <ClCompile Include="src\glad.c">
      <Filter>Source Files</Filter>
    </ClCompile>
    <ClCompile Include="src\OpenGL\Buffers\EBO.cpp">
      <Filter>Source Files\OpenGL\Buffers</Filter>
    </ClCompile>
    <ClCompile Include="src\OpenGL\Buffers\VAO.cpp">
      <Filter>Source Files\OpenGL\Buffers</Filter>
    </ClCompile>
    <ClCompile Include="src\OpenGL\Buffers\VBO.cpp">
      <Filter>Source Files\OpenGL\Buffers</Filter>
    </ClCompile>
    <ClCompile Include="src\Logger\Logger.cpp">
      <Filter>Source Files\Logger</Filter>
    </ClCompile>
    <ClCompile Include="src\Window\Window.cpp">
      <Filter>Source Files\Window</Filter>
    </ClCompile>
    <ClCompile Include="src\Renderer\Sprite.cpp">
      <Filter>Source Files\Renderer</Filter>
    </ClCompile>
    <ClCompile Include="src\Renderer\Renderer.cpp">
      <Filter>Source Files\Renderer</Filter>
    </ClCompile>
    <ClCompile Include="src\Renderer\Shader.cpp">
      <Filter>Source Files\Renderer</Filter>
    </ClCompile>
    <ClCompile Include="src\Math\Vector2.cpp">
      <Filter>Source Files\Math</Filter>
    </ClCompile>
    <ClCompile Include="src\Math\Vector3.cpp">
      <Filter>Source Files\Math</Filter>
    </ClCompile>
    <ClCompile Include="src\Math\Vector4.cpp">
      <Filter>Source Files\Math</Filter>
    </ClCompile>
    <ClCompile Include="src\Renderer\RectSprite.cpp">
      <Filter>Source Files\Renderer</Filter>
    </ClCompile>
    <ClCompile Include="src\Renderer\CircleSprite.cpp">
      <Filter>Source Files\Renderer</Filter>
    </ClCompile>
    <ClCompile Include="src\Engine\Camera.cpp">
      <Filter>Source Files\Engine</Filter>
    </ClCompile>
    <ClCompile Include="src\Engine\GameObject.cpp">
      <Filter>Source Files\Engine</Filter>
    </ClCompile>
    <ClCompile Include="src\Engine\InputManager.cpp">
      <Filter>Source Files\Engine</Filter>
    </ClCompile>
    <ClCompile Include="src\Engine\ResourceManager.cpp">
      <Filter>Source Files\Engine</Filter>
    </ClCompile>
    <ClCompile Include="src\Math\Vector.cpp">
      <Filter>Source Files\Math</Filter>
    </ClCompile>
    <ClCompile Include="src\Physics\Collision\Collision2D.cpp">
      <Filter>Source Files\Physics\Collision</Filter>
    </ClCompile>
    <ClCompile Include="src\Physics\Collision\AABBCollision2D.cpp">
      <Filter>Source Files\Physics\Collision</Filter>
    </ClCompile>
    <ClCompile Include="src\Physics\Collision\CircleCollision2D.cpp">
      <Filter>Source Files\Physics\Collision</Filter>
    </ClCompile>
    <ClCompile Include="src\Physics\RigidBody\RigidBody2D.cpp">
      <Filter>Source Files\Physics\RigidBody</Filter>
    </ClCompile>
  </ItemGroup>
  <ItemGroup>
    <ClInclude Include="src\Logger\Logger.h">
      <Filter>Header Files\Logger</Filter>
    </ClInclude>
    <ClInclude Include="src\OpenGL\Buffers\EBO.h">
      <Filter>Header Files\OpenGL\Buffers</Filter>
    </ClInclude>
    <ClInclude Include="src\OpenGL\Buffers\VAO.h">
      <Filter>Header Files\OpenGL\Buffers</Filter>
    </ClInclude>
    <ClInclude Include="src\OpenGL\Buffers\VBO.h">
      <Filter>Header Files\OpenGL\Buffers</Filter>
    </ClInclude>
    <ClInclude Include="src\Renderer\Renderer.h">
      <Filter>Header Files\Renderer</Filter>
    </ClInclude>
    <ClInclude Include="src\Renderer\Shader.h">
      <Filter>Header Files\Renderer</Filter>
    </ClInclude>
    <ClInclude Include="src\Window\Window.h">
      <Filter>Header Files\Window</Filter>
    </ClInclude>
    <ClInclude Include="src\Renderer\Sprite.h">
      <Filter>Header Files\Renderer</Filter>
    </ClInclude>
    <ClInclude Include="src\Renderer\Color.h">
      <Filter>Header Files\Renderer</Filter>
    </ClInclude>
    <ClInclude Include="src\Math\Vector2.h">
      <Filter>Header Files\Math</Filter>
    </ClInclude>
    <ClInclude Include="src\Math\Vector3.h">
      <Filter>Header Files\Math</Filter>
    </ClInclude>
    <ClInclude Include="src\Math\Vector4.h">
      <Filter>Header Files\Math</Filter>
    </ClInclude>
    <ClInclude Include="src\Math\Vector.h">
      <Filter>Header Files\Math</Filter>
    </ClInclude>
    <ClInclude Include="src\OpenGL\Buffers\Vertex.h">
      <Filter>Header Files\OpenGL\Buffers</Filter>
    </ClInclude>
    <ClInclude Include="src\Renderer\RectSprite.h">
      <Filter>Header Files\Renderer</Filter>
    </ClInclude>
    <ClInclude Include="src\Renderer\CircleSprite.h">
      <Filter>Header Files\Renderer</Filter>
    </ClInclude>
    <ClInclude Include="src\Renderer\CustomSprites.h">
      <Filter>Header Files\Renderer</Filter>
    </ClInclude>
    <ClInclude Include="src\Engine\Camera.h">
      <Filter>Header Files\Engine</Filter>
    </ClInclude>
    <ClInclude Include="src\Engine\GameObject.h">
      <Filter>Header Files\Engine</Filter>
    </ClInclude>
    <ClInclude Include="src\Engine\InputManager.h">
      <Filter>Header Files\Engine</Filter>
    </ClInclude>
    <ClInclude Include="src\Engine\ResourceManager.h">
      <Filter>Header Files\Engine</Filter>
    </ClInclude>
    <ClInclude Include="src\Physics\Collision\Collision2D.h">
      <Filter>Header Files\Physics\Collision</Filter>
    </ClInclude>
    <ClInclude Include="src\Physics\Collision\AABBCollision2D.h">
      <Filter>Header Files\Physics\Collision</Filter>
    </ClInclude>
    <ClInclude Include="src\Physics\Collision\CircleCollision2D.h">
      <Filter>Header Files\Physics\Collision</Filter>
    </ClInclude>
    <ClInclude Include="src\Physics\RigidBody\RigidBody2D.h">
      <Filter>Header Files\Physics\RigidBody</Filter>
    </ClInclude>
    <ClInclude Include="src\Engine\Engine.h">
      <Filter>Header Files\Engine</Filter>
    </ClInclude>
  </ItemGroup>
  <ItemGroup>
    <None Include="res\Shaders\shader.fs">
      <Filter>Resource Files\Shaders</Filter>
    </None>
    <None Include="res\Shaders\shader.vs">
      <Filter>Resource Files\Shaders</Filter>
    </None>
  </ItemGroup>
</Project>